github.com/elordeiro/NeetCode150 v0.0.0-20240410002754-21a4cb210dac h1:wVL0HFaOY/nMjX5SdsqRMZoDP5VugwMAHrmJovbie1M=
github.com/elordeiro/NeetCode150 v0.0.0-20240410002754-21a4cb210dac/go.mod h1:UU6bGe3sorWiR879r5cmoNcnlA66d9nXERg/bHGJ5nw=
github.com/elordeiro/NeetCode150 v0.0.1 h1:7yT87jctR2PeoMujii83Nk2xtssPXqS175glc+9eLF4=
github.com/elordeiro/NeetCode150 v0.0.1/go.mod h1:UU6bGe3sorWiR879r5cmoNcnlA66d9nXERg/bHGJ5nw=
